Microsoft Visual Studio Solution File, Format Version 12.00
# Visual Studio 2012
Project("{FAE04EC0-301F-11D3-BF4B-00C04F79EFBC}") = "TS2D", "TS2D.csproj", "{CD1F4960-5539-4CD9-930C-8FB22E7EDA0F}"
EndProject
Global
	GlobalSection(SolutionConfigurationPlatforms) = preSolution
	Debug|Any CPU = Debug|Any CPU
	ExportDebug|Any CPU = ExportDebug|Any CPU
	ExportRelease|Any CPU = ExportRelease|Any CPU
	EndGlobalSection
	GlobalSection(ProjectConfigurationPlatforms) = postSolution
		{CD1F4960-5539-4CD9-930C-8FB22E7EDA0F}.Debug|Any CPU.ActiveCfg = Debug|Any CPU
		{CD1F4960-5539-4CD9-930C-8FB22E7EDA0F}.Debug|Any CPU.Build.0 = Debug|Any CPU
		{CD1F4960-5539-4CD9-930C-8FB22E7EDA0F}.ExportDebug|Any CPU.ActiveCfg = ExportDebug|Any CPU
		{CD1F4960-5539-4CD9-930C-8FB22E7EDA0F}.ExportDebug|Any CPU.Build.0 = ExportDebug|Any CPU
		{CD1F4960-5539-4CD9-930C-8FB22E7EDA0F}.ExportRelease|Any CPU.ActiveCfg = ExportRelease|Any CPU
		{CD1F4960-5539-4CD9-930C-8FB22E7EDA0F}.ExportRelease|Any CPU.Build.0 = ExportRelease|Any CPU
	EndGlobalSection
EndGlobal
